
Microsoft Visual Studio Solution File, Format Version 12.00
# Visual Studio Version 17
VisualStudioVersion = 17.4.33103.184
MinimumVisualStudioVersion = 10.0.40219.1
Project("{9A19103F-16F7-4668-BE54-9A1E7A4F7556}") = "PsiComponents", "PsiComponents\PsiComponents.csproj", "{F2A9EE65-0FF5-4286-9FBE-733ED716A577}"
EndProject
Project("{2150E333-8FDC-42A3-9474-1A3956D46DE8}") = "Apps", "Apps", "{FEFAAD00-10A2-409F-9CFB-CD10A5D61FAA}"
EndProject
Project("{2150E333-8FDC-42A3-9474-1A3956D46DE8}") = "Wrappers", "Wrappers", "{5B353C21-30ED-4C87-BA09-746BBCA33E65}"
EndProject
Project("{2150E333-8FDC-42A3-9474-1A3956D46DE8}") = "Testing", "Testing", "{A6DDC138-B2BD-4F9C-8A1F-08786E081F37}"
EndProject
Project("{9A19103F-16F7-4668-BE54-9A1E7A4F7556}") = "PsiWork_WPF", "Apps\Testing\PsiWork_WPF\PsiWork_WPF.csproj", "{00AFEF4B-2F3C-4964-AF34-77CAD478248E}"
EndProject
Project("{9A19103F-16F7-4668-BE54-9A1E7A4F7556}") = "PsiWork_Console", "Apps\Testing\PsiWorks_Console\PsiWork_Console.csproj", "{1630E091-3461-4B9F-9199-D1D748C77F17}"
EndProject
Project("{2150E333-8FDC-42A3-9474-1A3956D46DE8}") = "Production", "Production", "{397FDBFD-38C7-456F-9602-48D2070F75E2}"
EndProject
Project("{9A19103F-16F7-4668-BE54-9A1E7A4F7556}") = "KinectAzureRemoteApp", "Apps\Production\KinectAzureRemoteApp\KinectAzureRemoteApp.csproj", "{01B3E72F-3E20-457C-9FEC-21C335F5FD54}"
EndProject
Project("{2150E333-8FDC-42A3-9474-1A3956D46DE8}") = "CARISM", "CARISM", "{9866DB5C-2498-47BA-95CF-F910A8906B69}"
EndProject
Project("{9A19103F-16F7-4668-BE54-9A1E7A4F7556}") = "PsiGroupsRecorder", "Apps\CARISM\PsiGroupRecorder\PsiGroupsRecorder.csproj", "{F72DF1DD-9415-4F35-99AB-D40C18590788}"
EndProject
Project("{9A19103F-16F7-4668-BE54-9A1E7A4F7556}") = "GroundTruthGroups", "Apps\CARISM\GroundTruthGroups\GroundTruthGroups.csproj", "{63E4F596-3813-49AA-A51D-406ED8950D58}"
EndProject
Project("{FAE04EC0-301F-11D3-BF4B-00C04F79EFBC}") = "Psi_Package_Console", "Psi_Package_Console\Psi_Package_Console.csproj", "{563071F0-AF78-4F8E-ABE3-D568D9B8E5DE}"
EndProject
Project("{9A19103F-16F7-4668-BE54-9A1E7A4F7556}") = "UnrealVoiceDetector", "Apps\Production\UnrealVoiceDetector\UnrealVoiceDetector.csproj", "{9990E185-019F-4663-9A26-BE018BCB0947}"
EndProject
Project("{FAE04EC0-301F-11D3-BF4B-00C04F79EFBC}") = "BiopacDataIntegration", "Apps\Production\BiopacDataIntegration\BiopacDataIntegration.csproj", "{6B3746B8-361C-4D6A-B1C4-03D04343CFCD}"
EndProject
Project("{FAE04EC0-301F-11D3-BF4B-00C04F79EFBC}") = "BiopacIntergrationConsole", "Apps\Production\BiopacIntergrationConsole\BiopacIntergrationConsole.csproj", "{92E12EA7-33F7-4476-879A-32AC370F627D}"
EndProject
Global
	GlobalSection(SolutionConfigurationPlatforms) = preSolution
		Debug|Any CPU = Debug|Any CPU
		Debug|x64 = Debug|x64
		Release|Any CPU = Release|Any CPU
		Release|x64 = Release|x64
	EndGlobalSection
	GlobalSection(ProjectConfigurationPlatforms) = postSolution
		{F2A9EE65-0FF5-4286-9FBE-733ED716A577}.Debug|Any CPU.ActiveCfg = Debug|x64
		{F2A9EE65-0FF5-4286-9FBE-733ED716A577}.Debug|x64.ActiveCfg = Debug|x64
		{F2A9EE65-0FF5-4286-9FBE-733ED716A577}.Debug|x64.Build.0 = Debug|x64
		{F2A9EE65-0FF5-4286-9FBE-733ED716A577}.Release|Any CPU.ActiveCfg = Release|x64
		{F2A9EE65-0FF5-4286-9FBE-733ED716A577}.Release|x64.ActiveCfg = Release|x64
		{F2A9EE65-0FF5-4286-9FBE-733ED716A577}.Release|x64.Build.0 = Release|x64
		{00AFEF4B-2F3C-4964-AF34-77CAD478248E}.Debug|Any CPU.ActiveCfg = Debug|x64
		{00AFEF4B-2F3C-4964-AF34-77CAD478248E}.Debug|Any CPU.Build.0 = Debug|x64
		{00AFEF4B-2F3C-4964-AF34-77CAD478248E}.Debug|x64.ActiveCfg = Debug|x64
		{00AFEF4B-2F3C-4964-AF34-77CAD478248E}.Debug|x64.Build.0 = Debug|x64
		{00AFEF4B-2F3C-4964-AF34-77CAD478248E}.Release|Any CPU.ActiveCfg = Release|x64
		{00AFEF4B-2F3C-4964-AF34-77CAD478248E}.Release|Any CPU.Build.0 = Release|x64
		{00AFEF4B-2F3C-4964-AF34-77CAD478248E}.Release|x64.ActiveCfg = Release|x64
		{00AFEF4B-2F3C-4964-AF34-77CAD478248E}.Release|x64.Build.0 = Release|x64
		{1630E091-3461-4B9F-9199-D1D748C77F17}.Debug|Any CPU.ActiveCfg = Debug|x64
		{1630E091-3461-4B9F-9199-D1D748C77F17}.Debug|Any CPU.Build.0 = Debug|x64
		{1630E091-3461-4B9F-9199-D1D748C77F17}.Debug|x64.ActiveCfg = Debug|x64
		{1630E091-3461-4B9F-9199-D1D748C77F17}.Debug|x64.Build.0 = Debug|x64
		{1630E091-3461-4B9F-9199-D1D748C77F17}.Release|Any CPU.ActiveCfg = Release|x64
		{1630E091-3461-4B9F-9199-D1D748C77F17}.Release|Any CPU.Build.0 = Release|x64
		{1630E091-3461-4B9F-9199-D1D748C77F17}.Release|x64.ActiveCfg = Release|x64
		{1630E091-3461-4B9F-9199-D1D748C77F17}.Release|x64.Build.0 = Release|x64
		{01B3E72F-3E20-457C-9FEC-21C335F5FD54}.Debug|Any CPU.ActiveCfg = Debug|x64
		{01B3E72F-3E20-457C-9FEC-21C335F5FD54}.Debug|Any CPU.Build.0 = Debug|x64
		{01B3E72F-3E20-457C-9FEC-21C335F5FD54}.Debug|x64.ActiveCfg = Debug|x64
		{01B3E72F-3E20-457C-9FEC-21C335F5FD54}.Debug|x64.Build.0 = Debug|x64
		{01B3E72F-3E20-457C-9FEC-21C335F5FD54}.Release|Any CPU.ActiveCfg = Release|x64
		{01B3E72F-3E20-457C-9FEC-21C335F5FD54}.Release|x64.ActiveCfg = Release|x64
		{01B3E72F-3E20-457C-9FEC-21C335F5FD54}.Release|x64.Build.0 = Release|x64
		{F72DF1DD-9415-4F35-99AB-D40C18590788}.Debug|Any CPU.ActiveCfg = Debug|x64
		{F72DF1DD-9415-4F35-99AB-D40C18590788}.Debug|x64.ActiveCfg = Debug|x64
		{F72DF1DD-9415-4F35-99AB-D40C18590788}.Debug|x64.Build.0 = Debug|x64
		{F72DF1DD-9415-4F35-99AB-D40C18590788}.Release|Any CPU.ActiveCfg = Release|x64
		{F72DF1DD-9415-4F35-99AB-D40C18590788}.Release|x64.ActiveCfg = Release|x64
		{F72DF1DD-9415-4F35-99AB-D40C18590788}.Release|x64.Build.0 = Release|x64
		{63E4F596-3813-49AA-A51D-406ED8950D58}.Debug|Any CPU.ActiveCfg = Debug|x64
		{63E4F596-3813-49AA-A51D-406ED8950D58}.Debug|Any CPU.Build.0 = Debug|x64
		{63E4F596-3813-49AA-A51D-406ED8950D58}.Debug|x64.ActiveCfg = Debug|x64
		{63E4F596-3813-49AA-A51D-406ED8950D58}.Debug|x64.Build.0 = Debug|x64
		{63E4F596-3813-49AA-A51D-406ED8950D58}.Release|Any CPU.ActiveCfg = Release|x64
		{63E4F596-3813-49AA-A51D-406ED8950D58}.Release|Any CPU.Build.0 = Release|x64
		{63E4F596-3813-49AA-A51D-406ED8950D58}.Release|x64.ActiveCfg = Release|x64
		{63E4F596-3813-49AA-A51D-406ED8950D58}.Release|x64.Build.0 = Release|x64
		{563071F0-AF78-4F8E-ABE3-D568D9B8E5DE}.Debug|Any CPU.ActiveCfg = Debug|Any CPU
		{563071F0-AF78-4F8E-ABE3-D568D9B8E5DE}.Debug|Any CPU.Build.0 = Debug|Any CPU
		{563071F0-AF78-4F8E-ABE3-D568D9B8E5DE}.Debug|x64.ActiveCfg = Debug|Any CPU
		{563071F0-AF78-4F8E-ABE3-D568D9B8E5DE}.Debug|x64.Build.0 = Debug|Any CPU
		{563071F0-AF78-4F8E-ABE3-D568D9B8E5DE}.Release|Any CPU.ActiveCfg = Release|Any CPU
		{563071F0-AF78-4F8E-ABE3-D568D9B8E5DE}.Release|Any CPU.Build.0 = Release|Any CPU
		{563071F0-AF78-4F8E-ABE3-D568D9B8E5DE}.Release|x64.ActiveCfg = Release|Any CPU
		{563071F0-AF78-4F8E-ABE3-D568D9B8E5DE}.Release|x64.Build.0 = Release|Any CPU
		{9990E185-019F-4663-9A26-BE018BCB0947}.Debug|Any CPU.ActiveCfg = Debug|Any CPU
		{9990E185-019F-4663-9A26-BE018BCB0947}.Debug|Any CPU.Build.0 = Debug|Any CPU
		{9990E185-019F-4663-9A26-BE018BCB0947}.Debug|x64.ActiveCfg = Debug|x64
		{9990E185-019F-4663-9A26-BE018BCB0947}.Debug|x64.Build.0 = Debug|x64
		{9990E185-019F-4663-9A26-BE018BCB0947}.Release|Any CPU.ActiveCfg = Release|x64
		{9990E185-019F-4663-9A26-BE018BCB0947}.Release|Any CPU.Build.0 = Release|x64
		{9990E185-019F-4663-9A26-BE018BCB0947}.Release|x64.ActiveCfg = Release|x64
		{9990E185-019F-4663-9A26-BE018BCB0947}.Release|x64.Build.0 = Release|x64
		{6B3746B8-361C-4D6A-B1C4-03D04343CFCD}.Debug|Any CPU.ActiveCfg = Debug|Any CPU
		{6B3746B8-361C-4D6A-B1C4-03D04343CFCD}.Debug|Any CPU.Build.0 = Debug|Any CPU
		{6B3746B8-361C-4D6A-B1C4-03D04343CFCD}.Debug|x64.ActiveCfg = Debug|Any CPU
		{6B3746B8-361C-4D6A-B1C4-03D04343CFCD}.Debug|x64.Build.0 = Debug|Any CPU
		{6B3746B8-361C-4D6A-B1C4-03D04343CFCD}.Release|Any CPU.ActiveCfg = Release|Any CPU
		{6B3746B8-361C-4D6A-B1C4-03D04343CFCD}.Release|Any CPU.Build.0 = Release|Any CPU
		{6B3746B8-361C-4D6A-B1C4-03D04343CFCD}.Release|x64.ActiveCfg = Release|Any CPU
		{6B3746B8-361C-4D6A-B1C4-03D04343CFCD}.Release|x64.Build.0 = Release|Any CPU
		{92E12EA7-33F7-4476-879A-32AC370F627D}.Debug|Any CPU.ActiveCfg = Debug|Any CPU
		{92E12EA7-33F7-4476-879A-32AC370F627D}.Debug|Any CPU.Build.0 = Debug|Any CPU
		{92E12EA7-33F7-4476-879A-32AC370F627D}.Debug|x64.ActiveCfg = Debug|Any CPU
		{92E12EA7-33F7-4476-879A-32AC370F627D}.Debug|x64.Build.0 = Debug|Any CPU
		{92E12EA7-33F7-4476-879A-32AC370F627D}.Release|Any CPU.ActiveCfg = Release|Any CPU
		{92E12EA7-33F7-4476-879A-32AC370F627D}.Release|Any CPU.Build.0 = Release|Any CPU
		{92E12EA7-33F7-4476-879A-32AC370F627D}.Release|x64.ActiveCfg = Release|Any CPU
		{92E12EA7-33F7-4476-879A-32AC370F627D}.Release|x64.Build.0 = Release|Any CPU
	EndGlobalSection
	GlobalSection(SolutionProperties) = preSolution
		HideSolutionNode = FALSE
	EndGlobalSection
	GlobalSection(NestedProjects) = preSolution
		{A6DDC138-B2BD-4F9C-8A1F-08786E081F37} = {FEFAAD00-10A2-409F-9CFB-CD10A5D61FAA}
		{00AFEF4B-2F3C-4964-AF34-77CAD478248E} = {A6DDC138-B2BD-4F9C-8A1F-08786E081F37}
		{1630E091-3461-4B9F-9199-D1D748C77F17} = {A6DDC138-B2BD-4F9C-8A1F-08786E081F37}
		{397FDBFD-38C7-456F-9602-48D2070F75E2} = {FEFAAD00-10A2-409F-9CFB-CD10A5D61FAA}
		{01B3E72F-3E20-457C-9FEC-21C335F5FD54} = {397FDBFD-38C7-456F-9602-48D2070F75E2}
		{9866DB5C-2498-47BA-95CF-F910A8906B69} = {FEFAAD00-10A2-409F-9CFB-CD10A5D61FAA}
		{F72DF1DD-9415-4F35-99AB-D40C18590788} = {9866DB5C-2498-47BA-95CF-F910A8906B69}
		{63E4F596-3813-49AA-A51D-406ED8950D58} = {9866DB5C-2498-47BA-95CF-F910A8906B69}
		{563071F0-AF78-4F8E-ABE3-D568D9B8E5DE} = {A6DDC138-B2BD-4F9C-8A1F-08786E081F37}
		{9990E185-019F-4663-9A26-BE018BCB0947} = {397FDBFD-38C7-456F-9602-48D2070F75E2}
		{6B3746B8-361C-4D6A-B1C4-03D04343CFCD} = {397FDBFD-38C7-456F-9602-48D2070F75E2}
		{92E12EA7-33F7-4476-879A-32AC370F627D} = {397FDBFD-38C7-456F-9602-48D2070F75E2}
	EndGlobalSection
	GlobalSection(ExtensibilityGlobals) = postSolution
		SolutionGuid = {68EFA247-3C9F-4BE3-A2AE-019EC6F9398A}
	EndGlobalSection
EndGlobal
